// !$*UTF8*$!
{
	archiveVersion = 1;
	classes = {
	};
	objectVersion = 46;
	objects = {

/* Begin PBXBuildFile section */
		700272331B99C62D00C292A5 /* WebViewManager.m in Sources */ = {isa = PBXBuildFile; fileRef = 700272321B99C62D00C292A5 /* WebViewManager.m */; };
		700272391B9A36B900C292A5 /* UIWebView+FLUIWebView.m in Sources */ = {isa = PBXBuildFile; fileRef = 700272381B9A36B900C292A5 /* UIWebView+FLUIWebView.m */; };
		7002723C1B9A36EE00C292A5 /* WKWebView+FLWKWebView.m in Sources */ = {isa = PBXBuildFile; fileRef = 7002723B1B9A36EE00C292A5 /* WKWebView+FLWKWebView.m */; };
		700272451B9A69C400C292A5 /* ProfileViewController.m in Sources */ = {isa = PBXBuildFile; fileRef = 700272441B9A69C400C292A5 /* ProfileViewController.m */; };
		700272481B9A6A6D00C292A5 /* NotificationsViewController.m in Sources */ = {isa = PBXBuildFile; fileRef = 700272471B9A6A6D00C292A5 /* NotificationsViewController.m */; };
		7002724B1B9B173F00C292A5 /* NewPostController.m in Sources */ = {isa = PBXBuildFile; fileRef = 7002724A1B9B173F00C292A5 /* NewPostController.m */; };
		7002724E1B9BD23200C292A5 /* LoadingManager.m in Sources */ = {isa = PBXBuildFile; fileRef = 7002724D1B9BD23200C292A5 /* LoadingManager.m */; };
		708D2CFB1BA3B30100CF17F9 /* Parse.framework in Frameworks */ = {isa = PBXBuildFile; fileRef = 708D2CFA1BA3B30100CF17F9 /* Parse.framework */; };
		708D2CFD1BA3B36A00CF17F9 /* Bolts.framework in Frameworks */ = {isa = PBXBuildFile; fileRef = 708D2CFC1BA3B36A00CF17F9 /* Bolts.framework */; };
		708D2CFF1BA3B3B200CF17F9 /* AudioToolbox.framework in Frameworks */ = {isa = PBXBuildFile; fileRef = 708D2CFE1BA3B3B200CF17F9 /* AudioToolbox.framework */; };
		708D2D011BA3B3B800CF17F9 /* CFNetwork.framework in Frameworks */ = {isa = PBXBuildFile; fileRef = 708D2D001BA3B3B800CF17F9 /* CFNetwork.framework */; };
		708D2D031BA3B3BF00CF17F9 /* CoreGraphics.framework in Frameworks */ = {isa = PBXBuildFile; fileRef = 708D2D021BA3B3BF00CF17F9 /* CoreGraphics.framework */; };
		708D2D051BA3B3C500CF17F9 /* CoreLocation.framework in Frameworks */ = {isa = PBXBuildFile; fileRef = 708D2D041BA3B3C500CF17F9 /* CoreLocation.framework */; };
		708D2D071BA3B3CB00CF17F9 /* QuartzCore.framework in Frameworks */ = {isa = PBXBuildFile; fileRef = 708D2D061BA3B3CB00CF17F9 /* QuartzCore.framework */; };
		708D2D091BA3B3D000CF17F9 /* Security.framework in Frameworks */ = {isa = PBXBuildFile; fileRef = 708D2D081BA3B3D000CF17F9 /* Security.framework */; };
		708D2D0B1BA3B3D500CF17F9 /* StoreKit.framework in Frameworks */ = {isa = PBXBuildFile; fileRef = 708D2D0A1BA3B3D500CF17F9 /* StoreKit.framework */; };
		708D2D0D1BA3B3E800CF17F9 /* SystemConfiguration.framework in Frameworks */ = {isa = PBXBuildFile; fileRef = 708D2D0C1BA3B3E800CF17F9 /* SystemConfiguration.framework */; };
		708D2D0F1BA3B3EF00CF17F9 /* libz.dylib in Frameworks */ = {isa = PBXBuildFile; fileRef = 708D2D0E1BA3B3EF00CF17F9 /* libz.dylib */; };
		708D2D111BA3B3F800CF17F9 /* libsqlite3.dylib in Frameworks */ = {isa = PBXBuildFile; fileRef = 708D2D101BA3B3F800CF17F9 /* libsqlite3.dylib */; };
		70951F941B989F15006B1228 /* main.m in Sources */ = {isa = PBXBuildFile; fileRef = 70951F931B989F15006B1228 /* main.m */; };
		70951F971B989F15006B1228 /* AppDelegate.m in Sources */ = {isa = PBXBuildFile; fileRef = 70951F961B989F15006B1228 /* AppDelegate.m */; };
		70951F9A1B989F15006B1228 /* RecentViewController.m in Sources */ = {isa = PBXBuildFile; fileRef = 70951F991B989F15006B1228 /* RecentViewController.m */; };
		70951F9D1B989F15006B1228 /* TrendingViewController.m in Sources */ = {isa = PBXBuildFile; fileRef = 70951F9C1B989F15006B1228 /* TrendingViewController.m */; };
		70951FA01B989F15006B1228 /* Main.storyboard in Resources */ = {isa = PBXBuildFile; fileRef = 70951F9E1B989F15006B1228 /* Main.storyboard */; };
		70951FA21B989F15006B1228 /* Images.xcassets in Resources */ = {isa = PBXBuildFile; fileRef = 70951FA11B989F15006B1228 /* Images.xcassets */; };
		70951FA51B989F15006B1228 /* LaunchScreen.xib in Resources */ = {isa = PBXBuildFile; fileRef = 70951FA31B989F15006B1228 /* LaunchScreen.xib */; };
		70951FB11B989F15006B1228 /* toaster_objcTests.m in Sources */ = {isa = PBXBuildFile; fileRef = 70951FB01B989F15006B1228 /* toaster_objcTests.m */; };
		70D005631B98A882006E746F /* PostsShowViewController.m in Sources */ = {isa = PBXBuildFile; fileRef = 70D005621B98A882006E746F /* PostsShowViewController.m */; };
		70E3415F1B9C9DB200046067 /* SettingsViewController.m in Sources */ = {isa = PBXBuildFile; fileRef = 70E3415E1B9C9DB200046067 /* SettingsViewController.m */; };
		70E341621B9CA6C200046067 /* SignUpViewController.m in Sources */ = {isa = PBXBuildFile; fileRef = 70E341611B9CA6C200046067 /* SignUpViewController.m */; };
		70E341651B9DE2F400046067 /* CustomTabBarViewController.m in Sources */ = {isa = PBXBuildFile; fileRef = 70E341641B9DE2F400046067 /* CustomTabBarViewController.m */; };
/* End PBXBuildFile section */

/* Begin PBXContainerItemProxy section */
		70951FAB1B989F15006B1228 /* PBXContainerItemProxy */ = {
			isa = PBXContainerItemProxy;
			containerPortal = 70951F861B989F15006B1228 /* Project object */;
			proxyType = 1;
			remoteGlobalIDString = 70951F8D1B989F15006B1228;
			remoteInfo = "toaster-objc";
		};
/* End PBXContainerItemProxy section */

/* Begin PBXFileReference section */
		700272311B99C62D00C292A5 /* WebViewManager.h */ = {isa = PBXFileReference; fileEncoding = 4; lastKnownFileType = sourcecode.c.h; path = WebViewManager.h; sourceTree = "<group>"; };
		700272321B99C62D00C292A5 /* WebViewManager.m */ = {isa = PBXFileReference; fileEncoding = 4; lastKnownFileType = sourcecode.c.objc; path = WebViewManager.m; sourceTree = "<group>"; };
		700272361B9A361900C292A5 /* FLWebViewProvider.h */ = {isa = PBXFileReference; lastKnownFileType = sourcecode.c.h; path = FLWebViewProvider.h; sourceTree = "<group>"; };
		700272371B9A36B900C292A5 /* UIWebView+FLUIWebView.h */ = {isa = PBXFileReference; fileEncoding = 4; lastKnownFileType = sourcecode.c.h; path = "UIWebView+FLUIWebView.h"; sourceTree = "<group>"; };
		700272381B9A36B900C292A5 /* UIWebView+FLUIWebView.m */ = {isa = PBXFileReference; fileEncoding = 4; lastKnownFileType = sourcecode.c.objc; path = "UIWebView+FLUIWebView.m"; sourceTree = "<group>"; };
		7002723A1B9A36EE00C292A5 /* WKWebView+FLWKWebView.h */ = {isa = PBXFileReference; fileEncoding = 4; lastKnownFileType = sourcecode.c.h; path = "WKWebView+FLWKWebView.h"; sourceTree = "<group>"; };
		7002723B1B9A36EE00C292A5 /* WKWebView+FLWKWebView.m */ = {isa = PBXFileReference; fileEncoding = 4; lastKnownFileType = sourcecode.c.objc; path = "WKWebView+FLWKWebView.m"; sourceTree = "<group>"; };
		700272431B9A69C400C292A5 /* ProfileViewController.h */ = {isa = PBXFileReference; fileEncoding = 4; lastKnownFileType = sourcecode.c.h; name = ProfileViewController.h; path = ../ProfileViewController.h; sourceTree = "<group>"; };
		700272441B9A69C400C292A5 /* ProfileViewController.m */ = {isa = PBXFileReference; fileEncoding = 4; lastKnownFileType = sourcecode.c.objc; name = ProfileViewController.m; path = ../ProfileViewController.m; sourceTree = "<group>"; };
		700272461B9A6A6D00C292A5 /* NotificationsViewController.h */ = {isa = PBXFileReference; fileEncoding = 4; lastKnownFileType = sourcecode.c.h; path = NotificationsViewController.h; sourceTree = "<group>"; };
		700272471B9A6A6D00C292A5 /* NotificationsViewController.m */ = {isa = PBXFileReference; fileEncoding = 4; lastKnownFileType = sourcecode.c.objc; path = NotificationsViewController.m; sourceTree = "<group>"; };
		700272491B9B173F00C292A5 /* NewPostController.h */ = {isa = PBXFileReference; fileEncoding = 4; lastKnownFileType = sourcecode.c.h; path = NewPostController.h; sourceTree = "<group>"; };
		7002724A1B9B173F00C292A5 /* NewPostController.m */ = {isa = PBXFileReference; fileEncoding = 4; lastKnownFileType = sourcecode.c.objc; path = NewPostController.m; sourceTree = "<group>"; };
		7002724C1B9BD23200C292A5 /* LoadingManager.h */ = {isa = PBXFileReference; fileEncoding = 4; lastKnownFileType = sourcecode.c.h; path = LoadingManager.h; sourceTree = "<group>"; };
		7002724D1B9BD23200C292A5 /* LoadingManager.m */ = {isa = PBXFileReference; fileEncoding = 4; lastKnownFileType = sourcecode.c.objc; path = LoadingManager.m; sourceTree = "<group>"; };
		708D2CFA1BA3B30100CF17F9 /* Parse.framework */ = {isa = PBXFileReference; lastKnownFileType = wrapper.framework; path = Parse.framework; sourceTree = "<group>"; };
		708D2CFC1BA3B36A00CF17F9 /* Bolts.framework */ = {isa = PBXFileReference; lastKnownFileType = wrapper.framework; path = Bolts.framework; sourceTree = "<group>"; };
		708D2CFE1BA3B3B200CF17F9 /* AudioToolbox.framework */ = {isa = PBXFileReference; lastKnownFileType = wrapper.framework; name = AudioToolbox.framework; path = System/Library/Frameworks/AudioToolbox.framework; sourceTree = SDKROOT; };
		708D2D001BA3B3B800CF17F9 /* CFNetwork.framework */ = {isa = PBXFileReference; lastKnownFileType = wrapper.framework; name = CFNetwork.framework; path = System/Library/Frameworks/CFNetwork.framework; sourceTree = SDKROOT; };
		708D2D021BA3B3BF00CF17F9 /* CoreGraphics.framework */ = {isa = PBXFileReference; lastKnownFileType = wrapper.framework; name = CoreGraphics.framework; path = System/Library/Frameworks/CoreGraphics.framework; sourceTree = SDKROOT; };
		708D2D041BA3B3C500CF17F9 /* CoreLocation.framework */ = {isa = PBXFileReference; lastKnownFileType = wrapper.framework; name = CoreLocation.framework; path = System/Library/Frameworks/CoreLocation.framework; sourceTree = SDKROOT; };
		708D2D061BA3B3CB00CF17F9 /* QuartzCore.framework */ = {isa = PBXFileReference; lastKnownFileType = wrapper.framework; name = QuartzCore.framework; path = System/Library/Frameworks/QuartzCore.framework; sourceTree = SDKROOT; };
		708D2D081BA3B3D000CF17F9 /* Security.framework */ = {isa = PBXFileReference; lastKnownFileType = wrapper.framework; name = Security.framework; path = System/Library/Frameworks/Security.framework; sourceTree = SDKROOT; };
		708D2D0A1BA3B3D500CF17F9 /* StoreKit.framework */ = {isa = PBXFileReference; lastKnownFileType = wrapper.framework; name = StoreKit.framework; path = System/Library/Frameworks/StoreKit.framework; sourceTree = SDKROOT; };
		708D2D0C1BA3B3E800CF17F9 /* SystemConfiguration.framework */ = {isa = PBXFileReference; lastKnownFileType = wrapper.framework; name = SystemConfiguration.framework; path = System/Library/Frameworks/SystemConfiguration.framework; sourceTree = SDKROOT; };
		708D2D0E1BA3B3EF00CF17F9 /* libz.dylib */ = {isa = PBXFileReference; lastKnownFileType = "compiled.mach-o.dylib"; name = libz.dylib; path = usr/lib/libz.dylib; sourceTree = SDKROOT; };
		708D2D101BA3B3F800CF17F9 /* libsqlite3.dylib */ = {isa = PBXFileReference; lastKnownFileType = "compiled.mach-o.dylib"; name = libsqlite3.dylib; path = usr/lib/libsqlite3.dylib; sourceTree = SDKROOT; };
		70951F8E1B989F15006B1228 /* toaster.app */ = {isa = PBXFileReference; explicitFileType = wrapper.application; includeInIndex = 0; path = toaster.app; sourceTree = BUILT_PRODUCTS_DIR; };
		70951F921B989F15006B1228 /* Info.plist */ = {isa = PBXFileReference; lastKnownFileType = text.plist.xml; path = Info.plist; sourceTree = "<group>"; };
		70951F931B989F15006B1228 /* main.m */ = {isa = PBXFileReference; lastKnownFileType = sourcecode.c.objc; path = main.m; sourceTree = "<group>"; };
		70951F951B989F15006B1228 /* AppDelegate.h */ = {isa = PBXFileReference; lastKnownFileType = sourcecode.c.h; path = AppDelegate.h; sourceTree = "<group>"; };
		70951F961B989F15006B1228 /* AppDelegate.m */ = {isa = PBXFileReference; lastKnownFileType = sourcecode.c.objc; path = AppDelegate.m; sourceTree = "<group>"; };
		70951F981B989F15006B1228 /* RecentViewController.h */ = {isa = PBXFileReference; lastKnownFileType = sourcecode.c.h; path = RecentViewController.h; sourceTree = "<group>"; };
		70951F991B989F15006B1228 /* RecentViewController.m */ = {isa = PBXFileReference; lastKnownFileType = sourcecode.c.objc; path = RecentViewController.m; sourceTree = "<group>"; };
		70951F9B1B989F15006B1228 /* TrendingViewController.h */ = {isa = PBXFileReference; lastKnownFileType = sourcecode.c.h; path = TrendingViewController.h; sourceTree = "<group>"; };
		70951F9C1B989F15006B1228 /* TrendingViewController.m */ = {isa = PBXFileReference; lastKnownFileType = sourcecode.c.objc; path = TrendingViewController.m; sourceTree = "<group>"; };
		70951F9F1B989F15006B1228 /* Base */ = {isa = PBXFileReference; lastKnownFileType = file.storyboard; name = Base; path = Base.lproj/Main.storyboard; sourceTree = "<group>"; };
		70951FA11B989F15006B1228 /* Images.xcassets */ = {isa = PBXFileReference; lastKnownFileType = folder.assetcatalog; path = Images.xcassets; sourceTree = "<group>"; };
		70951FA41B989F15006B1228 /* Base */ = {isa = PBXFileReference; lastKnownFileType = file.xib; name = Base; path = Base.lproj/LaunchScreen.xib; sourceTree = "<group>"; };
		70951FAA1B989F15006B1228 /* toasterTests.xctest */ = {isa = PBXFileReference; explicitFileType = wrapper.cfbundle; includeInIndex = 0; path = toasterTests.xctest; sourceTree = BUILT_PRODUCTS_DIR; };
		70951FAF1B989F15006B1228 /* Info.plist */ = {isa = PBXFileReference; lastKnownFileType = text.plist.xml; path = Info.plist; sourceTree = "<group>"; };
		70951FB01B989F15006B1228 /* toaster_objcTests.m */ = {isa = PBXFileReference; lastKnownFileType = sourcecode.c.objc; path = toaster_objcTests.m; sourceTree = "<group>"; };
		70951FBA1B98A009006B1228 /* Constants.h */ = {isa = PBXFileReference; fileEncoding = 4; lastKnownFileType = sourcecode.c.h; path = Constants.h; sourceTree = "<group>"; };
		70D005611B98A882006E746F /* PostsShowViewController.h */ = {isa = PBXFileReference; fileEncoding = 4; lastKnownFileType = sourcecode.c.h; path = PostsShowViewController.h; sourceTree = "<group>"; };
		70D005621B98A882006E746F /* PostsShowViewController.m */ = {isa = PBXFileReference; fileEncoding = 4; lastKnownFileType = sourcecode.c.objc; path = PostsShowViewController.m; sourceTree = "<group>"; };
		70E3415D1B9C9DB200046067 /* SettingsViewController.h */ = {isa = PBXFileReference; fileEncoding = 4; lastKnownFileType = sourcecode.c.h; path = SettingsViewController.h; sourceTree = "<group>"; };
		70E3415E1B9C9DB200046067 /* SettingsViewController.m */ = {isa = PBXFileReference; fileEncoding = 4; lastKnownFileType = sourcecode.c.objc; path = SettingsViewController.m; sourceTree = "<group>"; };
		70E341601B9CA6C200046067 /* SignUpViewController.h */ = {isa = PBXFileReference; fileEncoding = 4; lastKnownFileType = sourcecode.c.h; path = SignUpViewController.h; sourceTree = "<group>"; };
		70E341611B9CA6C200046067 /* SignUpViewController.m */ = {isa = PBXFileReference; fileEncoding = 4; lastKnownFileType = sourcecode.c.objc; path = SignUpViewController.m; sourceTree = "<group>"; };
		70E341631B9DE2F400046067 /* CustomTabBarViewController.h */ = {isa = PBXFileReference; fileEncoding = 4; lastKnownFileType = sourcecode.c.h; path = CustomTabBarViewController.h; sourceTree = "<group>"; };
		70E341641B9DE2F400046067 /* CustomTabBarViewController.m */ = {isa = PBXFileReference; fileEncoding = 4; lastKnownFileType = sourcecode.c.objc; path = CustomTabBarViewController.m; sourceTree = "<group>"; };
/* End PBXFileReference section */

/* Begin PBXFrameworksBuildPhase section */
		70951F8B1B989F15006B1228 /* Frameworks */ = {
			isa = PBXFrameworksBuildPhase;
			buildActionMask = 2147483647;
			files = (
				708D2D111BA3B3F800CF17F9 /* libsqlite3.dylib in Frameworks */,
				708D2D0F1BA3B3EF00CF17F9 /* libz.dylib in Frameworks */,
				708D2D0D1BA3B3E800CF17F9 /* SystemConfiguration.framework in Frameworks */,
				708D2D0B1BA3B3D500CF17F9 /* StoreKit.framework in Frameworks */,
				708D2D091BA3B3D000CF17F9 /* Security.framework in Frameworks */,
				708D2D071BA3B3CB00CF17F9 /* QuartzCore.framework in Frameworks */,
				708D2D051BA3B3C500CF17F9 /* CoreLocation.framework in Frameworks */,
				708D2D031BA3B3BF00CF17F9 /* CoreGraphics.framework in Frameworks */,
				708D2D011BA3B3B800CF17F9 /* CFNetwork.framework in Frameworks */,
				708D2CFF1BA3B3B200CF17F9 /* AudioToolbox.framework in Frameworks */,
				708D2CFB1BA3B30100CF17F9 /* Parse.framework in Frameworks */,
				708D2CFD1BA3B36A00CF17F9 /* Bolts.framework in Frameworks */,
			);
			runOnlyForDeploymentPostprocessing = 0;
		};
		70951FA71B989F15006B1228 /* Frameworks */ = {
			isa = PBXFrameworksBuildPhase;
			buildActionMask = 2147483647;
			files = (
			);
			runOnlyForDeploymentPostprocessing = 0;
		};
/* End PBXFrameworksBuildPhase section */

/* Begin PBXGroup section */
		7002723D1B9A372B00C292A5 /* FLWebView */ = {
			isa = PBXGroup;
			children = (
				7002723A1B9A36EE00C292A5 /* WKWebView+FLWKWebView.h */,
				7002723B1B9A36EE00C292A5 /* WKWebView+FLWKWebView.m */,
				700272371B9A36B900C292A5 /* UIWebView+FLUIWebView.h */,
				700272381B9A36B900C292A5 /* UIWebView+FLUIWebView.m */,
				700272361B9A361900C292A5 /* FLWebViewProvider.h */,
			);
			name = FLWebView;
			sourceTree = "<group>";
		};
		70951F851B989F15006B1228 = {
			isa = PBXGroup;
			children = (
				708D2D101BA3B3F800CF17F9 /* libsqlite3.dylib */,
				708D2D0E1BA3B3EF00CF17F9 /* libz.dylib */,
				708D2D0C1BA3B3E800CF17F9 /* SystemConfiguration.framework */,
				708D2D0A1BA3B3D500CF17F9 /* StoreKit.framework */,
				708D2D081BA3B3D000CF17F9 /* Security.framework */,
				708D2D061BA3B3CB00CF17F9 /* QuartzCore.framework */,
				708D2D041BA3B3C500CF17F9 /* CoreLocation.framework */,
				708D2D021BA3B3BF00CF17F9 /* CoreGraphics.framework */,
				708D2D001BA3B3B800CF17F9 /* CFNetwork.framework */,
				708D2CFE1BA3B3B200CF17F9 /* AudioToolbox.framework */,
				708D2CFC1BA3B36A00CF17F9 /* Bolts.framework */,
				708D2CFA1BA3B30100CF17F9 /* Parse.framework */,
				70951F901B989F15006B1228 /* toaster-objc */,
				70951FAD1B989F15006B1228 /* toaster-objcTests */,
				70951F8F1B989F15006B1228 /* Products */,
			);
			sourceTree = "<group>";
		};
		70951F8F1B989F15006B1228 /* Products */ = {
			isa = PBXGroup;
			children = (
				70951F8E1B989F15006B1228 /* toaster.app */,
				70951FAA1B989F15006B1228 /* toasterTests.xctest */,
			);
			name = Products;
			sourceTree = "<group>";
		};
		70951F901B989F15006B1228 /* toaster-objc */ = {
			isa = PBXGroup;
			children = (
				70951F9E1B989F15006B1228 /* Main.storyboard */,
				70951F951B989F15006B1228 /* AppDelegate.h */,
				70951F961B989F15006B1228 /* AppDelegate.m */,
				70951FBA1B98A009006B1228 /* Constants.h */,
				7002724C1B9BD23200C292A5 /* LoadingManager.h */,
				7002724D1B9BD23200C292A5 /* LoadingManager.m */,
				70E341631B9DE2F400046067 /* CustomTabBarViewController.h */,
				70E341641B9DE2F400046067 /* CustomTabBarViewController.m */,
				70E341601B9CA6C200046067 /* SignUpViewController.h */,
				70E341611B9CA6C200046067 /* SignUpViewController.m */,
				70951F981B989F15006B1228 /* RecentViewController.h */,
				70951F991B989F15006B1228 /* RecentViewController.m */,
				70D005611B98A882006E746F /* PostsShowViewController.h */,
				70D005621B98A882006E746F /* PostsShowViewController.m */,
				700272491B9B173F00C292A5 /* NewPostController.h */,
				7002724A1B9B173F00C292A5 /* NewPostController.m */,
				70951F9B1B989F15006B1228 /* TrendingViewController.h */,
				70951F9C1B989F15006B1228 /* TrendingViewController.m */,
				700272461B9A6A6D00C292A5 /* NotificationsViewController.h */,
				700272471B9A6A6D00C292A5 /* NotificationsViewController.m */,
				700272431B9A69C400C292A5 /* ProfileViewController.h */,
				700272441B9A69C400C292A5 /* ProfileViewController.m */,
				70E3415D1B9C9DB200046067 /* SettingsViewController.h */,
				70E3415E1B9C9DB200046067 /* SettingsViewController.m */,
				700272311B99C62D00C292A5 /* WebViewManager.h */,
				700272321B99C62D00C292A5 /* WebViewManager.m */,
				70951FA11B989F15006B1228 /* Images.xcassets */,
				70951FA31B989F15006B1228 /* LaunchScreen.xib */,
				7002723D1B9A372B00C292A5 /* FLWebView */,
				70951F911B989F15006B1228 /* Supporting Files */,
			);
			path = "toaster-objc";
			sourceTree = "<group>";
		};
		70951F911B989F15006B1228 /* Supporting Files */ = {
			isa = PBXGroup;
			children = (
				70951F921B989F15006B1228 /* Info.plist */,
				70951F931B989F15006B1228 /* main.m */,
			);
			name = "Supporting Files";
			sourceTree = "<group>";
		};
		70951FAD1B989F15006B1228 /* toaster-objcTests */ = {
			isa = PBXGroup;
			children = (
				70951FB01B989F15006B1228 /* toaster_objcTests.m */,
				70951FAE1B989F15006B1228 /* Supporting Files */,
			);
			path = "toaster-objcTests";
			sourceTree = "<group>";
		};
		70951FAE1B989F15006B1228 /* Supporting Files */ = {
			isa = PBXGroup;
			children = (
				70951FAF1B989F15006B1228 /* Info.plist */,
			);
			name = "Supporting Files";
			sourceTree = "<group>";
		};
/* End PBXGroup section */

/* Begin PBXNativeTarget section */
		70951F8D1B989F15006B1228 /* toaster */ = {
			isa = PBXNativeTarget;
			buildConfigurationList = 70951FB41B989F15006B1228 /* Build configuration list for PBXNativeTarget "toaster" */;
			buildPhases = (
				70951F8A1B989F15006B1228 /* Sources */,
				70951F8B1B989F15006B1228 /* Frameworks */,
				70951F8C1B989F15006B1228 /* Resources */,
			);
			buildRules = (
			);
			dependencies = (
			);
			name = toaster;
			productName = "toaster-objc";
			productReference = 70951F8E1B989F15006B1228 /* toaster.app */;
			productType = "com.apple.product-type.application";
		};
		70951FA91B989F15006B1228 /* toasterTests */ = {
			isa = PBXNativeTarget;
			buildConfigurationList = 70951FB71B989F15006B1228 /* Build configuration list for PBXNativeTarget "toasterTests" */;
			buildPhases = (
				70951FA61B989F15006B1228 /* Sources */,
				70951FA71B989F15006B1228 /* Frameworks */,
				70951FA81B989F15006B1228 /* Resources */,
			);
			buildRules = (
			);
			dependencies = (
				70951FAC1B989F15006B1228 /* PBXTargetDependency */,
			);
			name = toasterTests;
			productName = "toaster-objcTests";
			productReference = 70951FAA1B989F15006B1228 /* toasterTests.xctest */;
			productType = "com.apple.product-type.bundle.unit-test";
		};
/* End PBXNativeTarget section */

/* Begin PBXProject section */
		70951F861B989F15006B1228 /* Project object */ = {
			isa = PBXProject;
			attributes = {
				LastUpgradeCheck = 0640;
				ORGANIZATIONNAME = honeyjamstudio;
				TargetAttributes = {
					70951F8D1B989F15006B1228 = {
						CreatedOnToolsVersion = 6.4;
						DevelopmentTeam = T2N24XE45W;
					};
					70951FA91B989F15006B1228 = {
						CreatedOnToolsVersion = 6.4;
						DevelopmentTeam = T2N24XE45W;
						TestTargetID = 70951F8D1B989F15006B1228;
					};
				};
			};
			buildConfigurationList = 70951F891B989F15006B1228 /* Build configuration list for PBXProject "toaster" */;
			compatibilityVersion = "Xcode 3.2";
			developmentRegion = English;
			hasScannedForEncodings = 0;
			knownRegions = (
				en,
				Base,
			);
			mainGroup = 70951F851B989F15006B1228;
			productRefGroup = 70951F8F1B989F15006B1228 /* Products */;
			projectDirPath = "";
			projectRoot = "";
			targets = (
				70951F8D1B989F15006B1228 /* toaster */,
				70951FA91B989F15006B1228 /* toasterTests */,
			);
		};
/* End PBXProject section */

/* Begin PBXResourcesBuildPhase section */
		70951F8C1B989F15006B1228 /* Resources */ = {
			isa = PBXResourcesBuildPhase;
			buildActionMask = 2147483647;
			files = (
				70951FA01B989F15006B1228 /* Main.storyboard in Resources */,
				70951FA51B989F15006B1228 /* LaunchScreen.xib in Resources */,
				70951FA21B989F15006B1228 /* Images.xcassets in Resources */,
			);
			runOnlyForDeploymentPostprocessing = 0;
		};
		70951FA81B989F15006B1228 /* Resources */ = {
			isa = PBXResourcesBuildPhase;
			buildActionMask = 2147483647;
			files = (
			);
			runOnlyForDeploymentPostprocessing = 0;
		};
/* End PBXResourcesBuildPhase section */

/* Begin PBXSourcesBuildPhase section */
		70951F8A1B989F15006B1228 /* Sources */ = {
			isa = PBXSourcesBuildPhase;
			buildActionMask = 2147483647;
			files = (
				700272331B99C62D00C292A5 /* WebViewManager.m in Sources */,
				700272451B9A69C400C292A5 /* ProfileViewController.m in Sources */,
				700272391B9A36B900C292A5 /* UIWebView+FLUIWebView.m in Sources */,
				70D005631B98A882006E746F /* PostsShowViewController.m in Sources */,
				70951F9D1B989F15006B1228 /* TrendingViewController.m in Sources */,
				700272481B9A6A6D00C292A5 /* NotificationsViewController.m in Sources */,
				7002724B1B9B173F00C292A5 /* NewPostController.m in Sources */,
				70951F971B989F15006B1228 /* AppDelegate.m in Sources */,
				7002724E1B9BD23200C292A5 /* LoadingManager.m in Sources */,
				7002723C1B9A36EE00C292A5 /* WKWebView+FLWKWebView.m in Sources */,
				70E341651B9DE2F400046067 /* CustomTabBarViewController.m in Sources */,
				70951F9A1B989F15006B1228 /* RecentViewController.m in Sources */,
				70951F941B989F15006B1228 /* main.m in Sources */,
				70E341621B9CA6C200046067 /* SignUpViewController.m in Sources */,
				70E3415F1B9C9DB200046067 /* SettingsViewController.m in Sources */,
			);
			runOnlyForDeploymentPostprocessing = 0;
		};
		70951FA61B989F15006B1228 /* Sources */ = {
			isa = PBXSourcesBuildPhase;
			buildActionMask = 2147483647;
			files = (
				70951FB11B989F15006B1228 /* toaster_objcTests.m in Sources */,
			);
			runOnlyForDeploymentPostprocessing = 0;
		};
/* End PBXSourcesBuildPhase section */

/* Begin PBXTargetDependency section */
		70951FAC1B989F15006B1228 /* PBXTargetDependency */ = {
			isa = PBXTargetDependency;
			target = 70951F8D1B989F15006B1228 /* toaster */;
			targetProxy = 70951FAB1B989F15006B1228 /* PBXContainerItemProxy */;
		};
/* End PBXTargetDependency section */

/* Begin PBXVariantGroup section */
		70951F9E1B989F15006B1228 /* Main.storyboard */ = {
			isa = PBXVariantGroup;
			children = (
				70951F9F1B989F15006B1228 /* Base */,
			);
			name = Main.storyboard;
			sourceTree = "<group>";
		};
		70951FA31B989F15006B1228 /* LaunchScreen.xib */ = {
			isa = PBXVariantGroup;
			children = (
				70951FA41B989F15006B1228 /* Base */,
			);
			name = LaunchScreen.xib;
			sourceTree = "<group>";
		};
/* End PBXVariantGroup section */

/* Begin XCBuildConfiguration section */
		70951FB21B989F15006B1228 /* Debug */ = {
			isa = XCBuildConfiguration;
			buildSettings = {
				ALWAYS_SEARCH_USER_PATHS = NO;
				CLANG_CXX_LANGUAGE_STANDARD = "gnu++0x";
				CLANG_CXX_LIBRARY = "libc++";
				CLANG_ENABLE_MODULES = YES;
				CLANG_ENABLE_OBJC_ARC = YES;
				CLANG_WARN_BOOL_CONVERSION = YES;
				CLANG_WARN_CONSTANT_CONVERSION = YES;
				CLANG_WARN_DIRECT_OBJC_ISA_USAGE = YES_ERROR;
				CLANG_WARN_EMPTY_BODY = YES;
				CLANG_WARN_ENUM_CONVERSION = YES;
				CLANG_WARN_INT_CONVERSION = YES;
				CLANG_WARN_OBJC_ROOT_CLASS = YES_ERROR;
				CLANG_WARN_UNREACHABLE_CODE = YES;
				CLANG_WARN__DUPLICATE_METHOD_MATCH = YES;
				CODE_SIGN_IDENTITY = "iPhone Distribution: Howon Song (T2N24XE45W)";
				"CODE_SIGN_IDENTITY[sdk=iphoneos*]" = "iPhone Distribution: Howon Song (T2N24XE45W)";
				COPY_PHASE_STRIP = NO;
				DEBUG_INFORMATION_FORMAT = "dwarf-with-dsym";
				ENABLE_STRICT_OBJC_MSGSEND = YES;
				GCC_C_LANGUAGE_STANDARD = gnu99;
				GCC_DYNAMIC_NO_PIC = NO;
				GCC_NO_COMMON_BLOCKS = YES;
				GCC_OPTIMIZATION_LEVEL = 0;
				GCC_PREPROCESSOR_DEFINITIONS = (
					"DEBUG=1",
					"$(inherited)",
				);
				GCC_SYMBOLS_PRIVATE_EXTERN = NO;
				GCC_WARN_64_TO_32_BIT_CONVERSION = YES;
				GCC_WARN_ABOUT_RETURN_TYPE = YES_ERROR;
				GCC_WARN_UNDECLARED_SELECTOR = YES;
				GCC_WARN_UNINITIALIZED_AUTOS = YES_AGGRESSIVE;
				GCC_WARN_UNUSED_FUNCTION = YES;
				GCC_WARN_UNUSED_VARIABLE = YES;
				IPHONEOS_DEPLOYMENT_TARGET = 8.0;
				MTL_ENABLE_DEBUG_INFO = YES;
				ONLY_ACTIVE_ARCH = YES;
				PROVISIONING_PROFILE = "db9b05ee-a0e0-4a50-875d-ab9325c524ed";
				SDKROOT = iphoneos;
			};
			name = Debug;
		};
		70951FB31B989F15006B1228 /* Release */ = {
			isa = XCBuildConfiguration;
			buildSettings = {
				ALWAYS_SEARCH_USER_PATHS = NO;
				CLANG_CXX_LANGUAGE_STANDARD = "gnu++0x";
				CLANG_CXX_LIBRARY = "libc++";
				CLANG_ENABLE_MODULES = YES;
				CLANG_ENABLE_OBJC_ARC = YES;
				CLANG_WARN_BOOL_CONVERSION = YES;
				CLANG_WARN_CONSTANT_CONVERSION = YES;
				CLANG_WARN_DIRECT_OBJC_ISA_USAGE = YES_ERROR;
				CLANG_WARN_EMPTY_BODY = YES;
				CLANG_WARN_ENUM_CONVERSION = YES;
				CLANG_WARN_INT_CONVERSION = YES;
				CLANG_WARN_OBJC_ROOT_CLASS = YES_ERROR;
				CLANG_WARN_UNREACHABLE_CODE = YES;
				CLANG_WARN__DUPLICATE_METHOD_MATCH = YES;
				CODE_SIGN_IDENTITY = "iPhone Distribution: Howon Song (T2N24XE45W)";
				"CODE_SIGN_IDENTITY[sdk=iphoneos*]" = "iPhone Distribution: Howon Song (T2N24XE45W)";
				COPY_PHASE_STRIP = NO;
				DEBUG_INFORMATION_FORMAT = "dwarf-with-dsym";
				ENABLE_NS_ASSERTIONS = NO;
				ENABLE_STRICT_OBJC_MSGSEND = YES;
				GCC_C_LANGUAGE_STANDARD = gnu99;
				GCC_NO_COMMON_BLOCKS = YES;
				GCC_WARN_64_TO_32_BIT_CONVERSION = YES;
				GCC_WARN_ABOUT_RETURN_TYPE = YES_ERROR;
				GCC_WARN_UNDECLARED_SELECTOR = YES;
				GCC_WARN_UNINITIALIZED_AUTOS = YES_AGGRESSIVE;
				GCC_WARN_UNUSED_FUNCTION = YES;
				GCC_WARN_UNUSED_VARIABLE = YES;
				IPHONEOS_DEPLOYMENT_TARGET = 8.0;
				MTL_ENABLE_DEBUG_INFO = NO;
				PROVISIONING_PROFILE = "db9b05ee-a0e0-4a50-875d-ab9325c524ed";
				SDKROOT = iphoneos;
				VALIDATE_PRODUCT = YES;
			};
			name = Release;
		};
		70951FB51B989F15006B1228 /* Debug */ = {
			isa = XCBuildConfiguration;
			buildSettings = {
				ASSETCATALOG_COMPILER_APPICON_NAME = AppIcon;
				CODE_SIGN_IDENTITY = "iPhone Developer: Howon Song (6YZ4356U5A)";
				"CODE_SIGN_IDENTITY[sdk=iphoneos*]" = "iPhone Developer: Howon Song (6YZ4356U5A)";
				FRAMEWORK_SEARCH_PATHS = (
					"$(inherited)",
					"$(PROJECT_DIR)",
				);
				INFOPLIST_FILE = "toaster-objc/Info.plist";
				LD_RUNPATH_SEARCH_PATHS = "$(inherited) @executable_path/Frameworks";
				PRODUCT_NAME = toaster;
				PROVISIONING_PROFILE = "608d59dc-2b4a-42ff-9e2c-bde3b1388318";
			};
			name = Debug;
		};
		70951FB61B989F15006B1228 /* Release */ = {
			isa = XCBuildConfiguration;
			buildSettings = {
				ASSETCATALOG_COMPILER_APPICON_NAME = AppIcon;
				CODE_SIGN_IDENTITY = "iPhone Developer: Howon Song (6YZ4356U5A)";
				"CODE_SIGN_IDENTITY[sdk=iphoneos*]" = "iPhone Developer: Howon Song (6YZ4356U5A)";
				FRAMEWORK_SEARCH_PATHS = (
					"$(inherited)",
					"$(PROJECT_DIR)",
				);
				INFOPLIST_FILE = "toaster-objc/Info.plist";
				LD_RUNPATH_SEARCH_PATHS = "$(inherited) @executable_path/Frameworks";
				PRODUCT_NAME = toaster;
				PROVISIONING_PROFILE = "608d59dc-2b4a-42ff-9e2c-bde3b1388318";
			};
			name = Release;
		};
		70951FB81B989F15006B1228 /* Debug */ = {
			isa = XCBuildConfiguration;
			buildSettings = {
				BUNDLE_LOADER = "$(TEST_HOST)";
				CODE_SIGN_IDENTITY = "iPhone Developer";
				"CODE_SIGN_IDENTITY[sdk=iphoneos*]" = "iPhone Developer";
				FRAMEWORK_SEARCH_PATHS = (
					"$(SDKROOT)/Developer/Library/Frameworks",
					"$(inherited)",
				);
				GCC_PREPROCESSOR_DEFINITIONS = (
					"DEBUG=1",
					"$(inherited)",
				);
				INFOPLIST_FILE = "toaster-objcTests/Info.plist";
				LD_RUNPATH_SEARCH_PATHS = "$(inherited) @executable_path/Frameworks @loader_path/Frameworks";
				PRODUCT_NAME = toasterTests;
				PROVISIONING_PROFILE = "";
				TEST_HOST = "$(BUILT_PRODUCTS_DIR)/toaster.app/toaster";
			};
			name = Debug;
		};
		70951FB91B989F15006B1228 /* Release */ = {
			isa = XCBuildConfiguration;
			buildSettings = {
				BUNDLE_LOADER = "$(TEST_HOST)";
				CODE_SIGN_IDENTITY = "iPhone Developer";
				"CODE_SIGN_IDENTITY[sdk=iphoneos*]" = "iPhone Developer";
				FRAMEWORK_SEARCH_PATHS = (
					"$(SDKROOT)/Developer/Library/Frameworks",
					"$(inherited)",
				);
				INFOPLIST_FILE = "toaster-objcTests/Info.plist";
				LD_RUNPATH_SEARCH_PATHS = "$(inherited) @executable_path/Frameworks @loader_path/Frameworks";
				PRODUCT_NAME = toasterTests;
				PROVISIONING_PROFILE = "";
				TEST_HOST = "$(BUILT_PRODUCTS_DIR)/toaster.app/toaster";
			};
			name = Release;
		};
/* End XCBuildConfiguration section */

/* Begin XCConfigurationList section */
		70951F891B989F15006B1228 /* Build configuration list for PBXProject "toaster" */ = {
			isa = XCConfigurationList;
			buildConfigurations = (
				70951FB21B989F15006B1228 /* Debug */,
				70951FB31B989F15006B1228 /* Release */,
			);
			defaultConfigurationIsVisible = 0;
			defaultConfigurationName = Release;
		};
		70951FB41B989F15006B1228 /* Build configuration list for PBXNativeTarget "toaster" */ = {
			isa = XCConfigurationList;
			buildConfigurations = (
				70951FB51B989F15006B1228 /* Debug */,
				70951FB61B989F15006B1228 /* Release */,
			);
			defaultConfigurationIsVisible = 0;
			defaultConfigurationName = Release;
		};
		70951FB71B989F15006B1228 /* Build configuration list for PBXNativeTarget "toasterTests" */ = {
			isa = XCConfigurationList;
			buildConfigurations = (
				70951FB81B989F15006B1228 /* Debug */,
				70951FB91B989F15006B1228 /* Release */,
			);
			defaultConfigurationIsVisible = 0;
			defaultConfigurationName = Release;
		};
/* End XCConfigurationList section */
	};
	rootObject = 70951F861B989F15006B1228 /* Project object */;
}
